// !$*UTF8*$!
{
	archiveVersion = 1;
	classes = {
	};
	objectVersion = 48;
	objects = {

/* Begin PBXBuildFile section */
		B0DA28B81FBD28D0002ACFDA /* AppDelegate.swift in Sources */ = {isa = PBXBuildFile; fileRef = B0DA28B71FBD28D0002ACFDA /* AppDelegate.swift */; };
		B0DA28BA1FBD28D0002ACFDA /* ViewController.swift in Sources */ = {isa = PBXBuildFile; fileRef = B0DA28B91FBD28D0002ACFDA /* ViewController.swift */; };
		B0DA28BD1FBD28D0002ACFDA /* Main.storyboard in Resources */ = {isa = PBXBuildFile; fileRef = B0DA28BB1FBD28D0002ACFDA /* Main.storyboard */; };
		B0DA28BF1FBD28D0002ACFDA /* Assets.xcassets in Resources */ = {isa = PBXBuildFile; fileRef = B0DA28BE1FBD28D0002ACFDA /* Assets.xcassets */; };
		B0DA28C21FBD28D0002ACFDA /* LaunchScreen.storyboard in Resources */ = {isa = PBXBuildFile; fileRef = B0DA28C01FBD28D0002ACFDA /* LaunchScreen.storyboard */; };
		B0DA28CD1FBD28D0002ACFDA /* DataStructuresTests.swift in Sources */ = {isa = PBXBuildFile; fileRef = B0DA28CC1FBD28D0002ACFDA /* DataStructuresTests.swift */; };
		B0DA28D91FBD28E0002ACFDA /* Stack.swift in Sources */ = {isa = PBXBuildFile; fileRef = B0DA28D81FBD28E0002ACFDA /* Stack.swift */; };
		B0DA28DA1FBD28E7002ACFDA /* Stack.swift in Sources */ = {isa = PBXBuildFile; fileRef = B0DA28D81FBD28E0002ACFDA /* Stack.swift */; };
		B0DA28DC1FBD29A2002ACFDA /* StackTests.swift in Sources */ = {isa = PBXBuildFile; fileRef = B0DA28DB1FBD29A2002ACFDA /* StackTests.swift */; };
		B0DA28DF1FBDDCE0002ACFDA /* Queue.swift in Sources */ = {isa = PBXBuildFile; fileRef = B0DA28DE1FBDDCE0002ACFDA /* Queue.swift */; };
		B0DA28E11FBDDD8C002ACFDA /* QueueTests.swift in Sources */ = {isa = PBXBuildFile; fileRef = B0DA28E01FBDDD8C002ACFDA /* QueueTests.swift */; };
/* End PBXBuildFile section */

/* Begin PBXContainerItemProxy section */
		B0DA28C91FBD28D0002ACFDA /* PBXContainerItemProxy */ = {
			isa = PBXContainerItemProxy;
			containerPortal = B0DA28AC1FBD28CF002ACFDA /* Project object */;
			proxyType = 1;
			remoteGlobalIDString = B0DA28B31FBD28CF002ACFDA;
			remoteInfo = DataStructures;
		};
/* End PBXContainerItemProxy section */

/* Begin PBXFileReference section */
		B0DA28B41FBD28D0002ACFDA /* DataStructures.app */ = {isa = PBXFileReference; explicitFileType = wrapper.application; includeInIndex = 0; path = DataStructures.app; sourceTree = BUILT_PRODUCTS_DIR; };
		B0DA28B71FBD28D0002ACFDA /* AppDelegate.swift */ = {isa = PBXFileReference; lastKnownFileType = sourcecode.swift; path = AppDelegate.swift; sourceTree = "<group>"; };
		B0DA28B91FBD28D0002ACFDA /* ViewController.swift */ = {isa = PBXFileReference; lastKnownFileType = sourcecode.swift; path = ViewController.swift; sourceTree = "<group>"; };
		B0DA28BC1FBD28D0002ACFDA /* Base */ = {isa = PBXFileReference; lastKnownFileType = file.storyboard; name = Base; path = Base.lproj/Main.storyboard; sourceTree = "<group>"; };
		B0DA28BE1FBD28D0002ACFDA /* Assets.xcassets */ = {isa = PBXFileReference; lastKnownFileType = folder.assetcatalog; path = Assets.xcassets; sourceTree = "<group>"; };
		B0DA28C11FBD28D0002ACFDA /* Base */ = {isa = PBXFileReference; lastKnownFileType = file.storyboard; name = Base; path = Base.lproj/LaunchScreen.storyboard; sourceTree = "<group>"; };
		B0DA28C31FBD28D0002ACFDA /* Info.plist */ = {isa = PBXFileReference; lastKnownFileType = text.plist.xml; path = Info.plist; sourceTree = "<group>"; };
		B0DA28C81FBD28D0002ACFDA /* DataStructuresTests.xctest */ = {isa = PBXFileReference; explicitFileType = wrapper.cfbundle; includeInIndex = 0; path = DataStructuresTests.xctest; sourceTree = BUILT_PRODUCTS_DIR; };
		B0DA28CC1FBD28D0002ACFDA /* DataStructuresTests.swift */ = {isa = PBXFileReference; lastKnownFileType = sourcecode.swift; path = DataStructuresTests.swift; sourceTree = "<group>"; };
		B0DA28CE1FBD28D0002ACFDA /* Info.plist */ = {isa = PBXFileReference; lastKnownFileType = text.plist.xml; path = Info.plist; sourceTree = "<group>"; };
		B0DA28D81FBD28E0002ACFDA /* Stack.swift */ = {isa = PBXFileReference; lastKnownFileType = sourcecode.swift; path = Stack.swift; sourceTree = "<group>"; };
		B0DA28DB1FBD29A2002ACFDA /* StackTests.swift */ = {isa = PBXFileReference; lastKnownFileType = sourcecode.swift; path = StackTests.swift; sourceTree = "<group>"; };
		B0DA28DE1FBDDCE0002ACFDA /* Queue.swift */ = {isa = PBXFileReference; lastKnownFileType = sourcecode.swift; path = Queue.swift; sourceTree = "<group>"; };
		B0DA28E01FBDDD8C002ACFDA /* QueueTests.swift */ = {isa = PBXFileReference; lastKnownFileType = sourcecode.swift; path = QueueTests.swift; sourceTree = "<group>"; };
/* End PBXFileReference section */

/* Begin PBXFrameworksBuildPhase section */
		B0DA28B11FBD28CF002ACFDA /* Frameworks */ = {
			isa = PBXFrameworksBuildPhase;
			buildActionMask = 2147483647;
			files = (
			);
			runOnlyForDeploymentPostprocessing = 0;
		};
		B0DA28C51FBD28D0002ACFDA /* Frameworks */ = {
			isa = PBXFrameworksBuildPhase;
			buildActionMask = 2147483647;
			files = (
			);
			runOnlyForDeploymentPostprocessing = 0;
		};
/* End PBXFrameworksBuildPhase section */

/* Begin PBXGroup section */
		B0DA28AB1FBD28CF002ACFDA = {
			isa = PBXGroup;
			children = (
				B0DA28B61FBD28D0002ACFDA /* DataStructures */,
				B0DA28CB1FBD28D0002ACFDA /* DataStructuresTests */,
				B0DA28B51FBD28D0002ACFDA /* Products */,
			);
			sourceTree = "<group>";
		};
		B0DA28B51FBD28D0002ACFDA /* Products */ = {
			isa = PBXGroup;
			children = (
				B0DA28B41FBD28D0002ACFDA /* DataStructures.app */,
				B0DA28C81FBD28D0002ACFDA /* DataStructuresTests.xctest */,
			);
			name = Products;
			sourceTree = "<group>";
		};
		B0DA28B61FBD28D0002ACFDA /* DataStructures */ = {
			isa = PBXGroup;
			children = (
				B0DA28DD1FBDDCD4002ACFDA /* Queue */,
				B0DA28D71FBD28D5002ACFDA /* Stack */,
				B0DA28B71FBD28D0002ACFDA /* AppDelegate.swift */,
				B0DA28B91FBD28D0002ACFDA /* ViewController.swift */,
				B0DA28BB1FBD28D0002ACFDA /* Main.storyboard */,
				B0DA28BE1FBD28D0002ACFDA /* Assets.xcassets */,
				B0DA28C01FBD28D0002ACFDA /* LaunchScreen.storyboard */,
				B0DA28C31FBD28D0002ACFDA /* Info.plist */,
			);
			path = DataStructures;
			sourceTree = "<group>";
		};
		B0DA28CB1FBD28D0002ACFDA /* DataStructuresTests */ = {
			isa = PBXGroup;
			children = (
				B0DA28CC1FBD28D0002ACFDA /* DataStructuresTests.swift */,
				B0DA28CE1FBD28D0002ACFDA /* Info.plist */,
				B0DA28DB1FBD29A2002ACFDA /* StackTests.swift */,
				B0DA28E01FBDDD8C002ACFDA /* QueueTests.swift */,
			);
			path = DataStructuresTests;
			sourceTree = "<group>";
		};
		B0DA28D71FBD28D5002ACFDA /* Stack */ = {
			isa = PBXGroup;
			children = (
				B0DA28D81FBD28E0002ACFDA /* Stack.swift */,
			);
			path = Stack;
			sourceTree = "<group>";
		};
		B0DA28DD1FBDDCD4002ACFDA /* Queue */ = {
			isa = PBXGroup;
			children = (
				B0DA28DE1FBDDCE0002ACFDA /* Queue.swift */,
			);
			path = Queue;
			sourceTree = "<group>";
		};
/* End PBXGroup section */

/* Begin PBXNativeTarget section */
		B0DA28B31FBD28CF002ACFDA /* DataStructures */ = {
			isa = PBXNativeTarget;
			buildConfigurationList = B0DA28D11FBD28D0002ACFDA /* Build configuration list for PBXNativeTarget "DataStructures" */;
			buildPhases = (
				B0DA28B01FBD28CF002ACFDA /* Sources */,
				B0DA28B11FBD28CF002ACFDA /* Frameworks */,
				B0DA28B21FBD28CF002ACFDA /* Resources */,
			);
			buildRules = (
			);
			dependencies = (
			);
			name = DataStructures;
			productName = DataStructures;
			productReference = B0DA28B41FBD28D0002ACFDA /* DataStructures.app */;
			productType = "com.apple.product-type.application";
		};
		B0DA28C71FBD28D0002ACFDA /* DataStructuresTests */ = {
			isa = PBXNativeTarget;
			buildConfigurationList = B0DA28D41FBD28D0002ACFDA /* Build configuration list for PBXNativeTarget "DataStructuresTests" */;
			buildPhases = (
				B0DA28C41FBD28D0002ACFDA /* Sources */,
				B0DA28C51FBD28D0002ACFDA /* Frameworks */,
				B0DA28C61FBD28D0002ACFDA /* Resources */,
			);
			buildRules = (
			);
			dependencies = (
				B0DA28CA1FBD28D0002ACFDA /* PBXTargetDependency */,
			);
			name = DataStructuresTests;
			productName = DataStructuresTests;
			productReference = B0DA28C81FBD28D0002ACFDA /* DataStructuresTests.xctest */;
			productType = "com.apple.product-type.bundle.unit-test";
		};
/* End PBXNativeTarget section */

/* Begin PBXProject section */
		B0DA28AC1FBD28CF002ACFDA /* Project object */ = {
			isa = PBXProject;
			attributes = {
				LastSwiftUpdateCheck = 0910;
				LastUpgradeCheck = 0910;
				ORGANIZATIONNAME = "Top Turn Software";
				TargetAttributes = {
					B0DA28B31FBD28CF002ACFDA = {
						CreatedOnToolsVersion = 9.1;
						ProvisioningStyle = Automatic;
					};
					B0DA28C71FBD28D0002ACFDA = {
						CreatedOnToolsVersion = 9.1;
						ProvisioningStyle = Automatic;
						TestTargetID = B0DA28B31FBD28CF002ACFDA;
					};
				};
			};
			buildConfigurationList = B0DA28AF1FBD28CF002ACFDA /* Build configuration list for PBXProject "DataStructures" */;
			compatibilityVersion = "Xcode 8.0";
			developmentRegion = en;
			hasScannedForEncodings = 0;
			knownRegions = (
				en,
				Base,
			);
			mainGroup = B0DA28AB1FBD28CF002ACFDA;
			productRefGroup = B0DA28B51FBD28D0002ACFDA /* Products */;
			projectDirPath = "";
			projectRoot = "";
			targets = (
				B0DA28B31FBD28CF002ACFDA /* DataStructures */,
				B0DA28C71FBD28D0002ACFDA /* DataStructuresTests */,
			);
		};
/* End PBXProject section */

/* Begin PBXResourcesBuildPhase section */
		B0DA28B21FBD28CF002ACFDA /* Resources */ = {
			isa = PBXResourcesBuildPhase;
			buildActionMask = 2147483647;
			files = (
				B0DA28C21FBD28D0002ACFDA /* LaunchScreen.storyboard in Resources */,
				B0DA28BF1FBD28D0002ACFDA /* Assets.xcassets in Resources */,
				B0DA28BD1FBD28D0002ACFDA /* Main.storyboard in Resources */,
			);
			runOnlyForDeploymentPostprocessing = 0;
		};
		B0DA28C61FBD28D0002ACFDA /* Resources */ = {
			isa = PBXResourcesBuildPhase;
			buildActionMask = 2147483647;
			files = (
			);
			runOnlyForDeploymentPostprocessing = 0;
		};
/* End PBXResourcesBuildPhase section */

/* Begin PBXSourcesBuildPhase section */
		B0DA28B01FBD28CF002ACFDA /* Sources */ = {
			isa = PBXSourcesBuildPhase;
			buildActionMask = 2147483647;
			files = (
				B0DA28BA1FBD28D0002ACFDA /* ViewController.swift in Sources */,
				B0DA28D91FBD28E0002ACFDA /* Stack.swift in Sources */,
				B0DA28B81FBD28D0002ACFDA /* AppDelegate.swift in Sources */,
				B0DA28DF1FBDDCE0002ACFDA /* Queue.swift in Sources */,
			);
			runOnlyForDeploymentPostprocessing = 0;
		};
		B0DA28C41FBD28D0002ACFDA /* Sources */ = {
			isa = PBXSourcesBuildPhase;
			buildActionMask = 2147483647;
			files = (
				B0DA28DA1FBD28E7002ACFDA /* Stack.swift in Sources */,
				B0DA28CD1FBD28D0002ACFDA /* DataStructuresTests.swift in Sources */,
				B0DA28DC1FBD29A2002ACFDA /* StackTests.swift in Sources */,
				B0DA28E11FBDDD8C002ACFDA /* QueueTests.swift in Sources */,
			);
			runOnlyForDeploymentPostprocessing = 0;
		};
/* End PBXSourcesBuildPhase section */

/* Begin PBXTargetDependency section */
		B0DA28CA1FBD28D0002ACFDA /* PBXTargetDependency */ = {
			isa = PBXTargetDependency;
			target = B0DA28B31FBD28CF002ACFDA /* DataStructures */;
			targetProxy = B0DA28C91FBD28D0002ACFDA /* PBXContainerItemProxy */;
		};
/* End PBXTargetDependency section */

/* Begin PBXVariantGroup section */
		B0DA28BB1FBD28D0002ACFDA /* Main.storyboard */ = {
			isa = PBXVariantGroup;
			children = (
				B0DA28BC1FBD28D0002ACFDA /* Base */,
			);
			name = Main.storyboard;
			sourceTree = "<group>";
		};
		B0DA28C01FBD28D0002ACFDA /* LaunchScreen.storyboard */ = {
			isa = PBXVariantGroup;
			children = (
				B0DA28C11FBD28D0002ACFDA /* Base */,
			);
			name = LaunchScreen.storyboard;
			sourceTree = "<group>";
		};
/* End PBXVariantGroup section */

/* Begin XCBuildConfiguration section */
		B0DA28CF1FBD28D0002ACFDA /* Debug */ = {
			isa = XCBuildConfiguration;
			buildSettings = {
				ALWAYS_SEARCH_USER_PATHS = NO;
				CLANG_ANALYZER_NONNULL = YES;
				CLANG_ANALYZER_NUMBER_OBJECT_CONVERSION = YES_AGGRESSIVE;
				CLANG_CXX_LANGUAGE_STANDARD = "gnu++14";
				CLANG_CXX_LIBRARY = "libc++";
				CLANG_ENABLE_MODULES = YES;
				CLANG_ENABLE_OBJC_ARC = YES;
				CLANG_WARN_BLOCK_CAPTURE_AUTORELEASING = YES;
				CLANG_WARN_BOOL_CONVERSION = YES;
				CLANG_WARN_COMMA = YES;
				CLANG_WARN_CONSTANT_CONVERSION = YES;
				CLANG_WARN_DIRECT_OBJC_ISA_USAGE = YES_ERROR;
				CLANG_WARN_DOCUMENTATION_COMMENTS = YES;
				CLANG_WARN_EMPTY_BODY = YES;
				CLANG_WARN_ENUM_CONVERSION = YES;
				CLANG_WARN_INFINITE_RECURSION = YES;
				CLANG_WARN_INT_CONVERSION = YES;
				CLANG_WARN_NON_LITERAL_NULL_CONVERSION = YES;
				CLANG_WARN_OBJC_LITERAL_CONVERSION = YES;
				CLANG_WARN_OBJC_ROOT_CLASS = YES_ERROR;
				CLANG_WARN_RANGE_LOOP_ANALYSIS = YES;
				CLANG_WARN_STRICT_PROTOTYPES = YES;
				CLANG_WARN_SUSPICIOUS_MOVE = YES;
				CLANG_WARN_UNGUARDED_AVAILABILITY = YES_AGGRESSIVE;
				CLANG_WARN_UNREACHABLE_CODE = YES;
				CLANG_WARN__DUPLICATE_METHOD_MATCH = YES;
				CODE_SIGN_IDENTITY = "iPhone Developer";
				COPY_PHASE_STRIP = NO;
				DEBUG_INFORMATION_FORMAT = dwarf;
				ENABLE_STRICT_OBJC_MSGSEND = YES;
				ENABLE_TESTABILITY = YES;
				GCC_C_LANGUAGE_STANDARD = gnu11;
				GCC_DYNAMIC_NO_PIC = NO;
				GCC_NO_COMMON_BLOCKS = YES;
				GCC_OPTIMIZATION_LEVEL = 0;
				GCC_PREPROCESSOR_DEFINITIONS = (
					"DEBUG=1",
					"$(inherited)",
				);
				GCC_WARN_64_TO_32_BIT_CONVERSION = YES;
				GCC_WARN_ABOUT_RETURN_TYPE = YES_ERROR;
				GCC_WARN_UNDECLARED_SELECTOR = YES;
				GCC_WARN_UNINITIALIZED_AUTOS = YES_AGGRESSIVE;
				GCC_WARN_UNUSED_FUNCTION = YES;
				GCC_WARN_UNUSED_VARIABLE = YES;
				IPHONEOS_DEPLOYMENT_TARGET = 11.1;
				MTL_ENABLE_DEBUG_INFO = YES;
				ONLY_ACTIVE_ARCH = YES;
				SDKROOT = iphoneos;
				SWIFT_ACTIVE_COMPILATION_CONDITIONS = DEBUG;
				SWIFT_OPTIMIZATION_LEVEL = "-Onone";
			};
			name = Debug;
		};
		B0DA28D01FBD28D0002ACFDA /* Release */ = {
			isa = XCBuildConfiguration;
			buildSettings = {
				ALWAYS_SEARCH_USER_PATHS = NO;
				CLANG_ANALYZER_NONNULL = YES;
				CLANG_ANALYZER_NUMBER_OBJECT_CONVERSION = YES_AGGRESSIVE;
				CLANG_CXX_LANGUAGE_STANDARD = "gnu++14";
				CLANG_CXX_LIBRARY = "libc++";
				CLANG_ENABLE_MODULES = YES;
				CLANG_ENABLE_OBJC_ARC = YES;
				CLANG_WARN_BLOCK_CAPTURE_AUTORELEASING = YES;
				CLANG_WARN_BOOL_CONVERSION = YES;
				CLANG_WARN_COMMA = YES;
				CLANG_WARN_CONSTANT_CONVERSION = YES;
				CLANG_WARN_DIRECT_OBJC_ISA_USAGE = YES_ERROR;
				CLANG_WARN_DOCUMENTATION_COMMENTS = YES;
				CLANG_WARN_EMPTY_BODY = YES;
				CLANG_WARN_ENUM_CONVERSION = YES;
				CLANG_WARN_INFINITE_RECURSION = YES;
				CLANG_WARN_INT_CONVERSION = YES;
				CLANG_WARN_NON_LITERAL_NULL_CONVERSION = YES;
				CLANG_WARN_OBJC_LITERAL_CONVERSION = YES;
				CLANG_WARN_OBJC_ROOT_CLASS = YES_ERROR;
				CLANG_WARN_RANGE_LOOP_ANALYSIS = YES;
				CLANG_WARN_STRICT_PROTOTYPES = YES;
				CLANG_WARN_SUSPICIOUS_MOVE = YES;
				CLANG_WARN_UNGUARDED_AVAILABILITY = YES_AGGRESSIVE;
				CLANG_WARN_UNREACHABLE_CODE = YES;
				CLANG_WARN__DUPLICATE_METHOD_MATCH = YES;
				CODE_SIGN_IDENTITY = "iPhone Developer";
				COPY_PHASE_STRIP = NO;
				DEBUG_INFORMATION_FORMAT = "dwarf-with-dsym";
				ENABLE_NS_ASSERTIONS = NO;
				ENABLE_STRICT_OBJC_MSGSEND = YES;
				GCC_C_LANGUAGE_STANDARD = gnu11;
				GCC_NO_COMMON_BLOCKS = YES;
				GCC_WARN_64_TO_32_BIT_CONVERSION = YES;
				GCC_WARN_ABOUT_RETURN_TYPE = YES_ERROR;
				GCC_WARN_UNDECLARED_SELECTOR = YES;
				GCC_WARN_UNINITIALIZED_AUTOS = YES_AGGRESSIVE;
				GCC_WARN_UNUSED_FUNCTION = YES;
				GCC_WARN_UNUSED_VARIABLE = YES;
				IPHONEOS_DEPLOYMENT_TARGET = 11.1;
				MTL_ENABLE_DEBUG_INFO = NO;
				SDKROOT = iphoneos;
				SWIFT_OPTIMIZATION_LEVEL = "-Owholemodule";
				VALIDATE_PRODUCT = YES;
			};
			name = Release;
		};
		B0DA28D21FBD28D0002ACFDA /* Debug */ = {
			isa = XCBuildConfiguration;
			buildSettings = {
				ASSETCATALOG_COMPILER_APPICON_NAME = AppIcon;
				CODE_SIGN_STYLE = Automatic;
				DEVELOPMENT_TEAM = PH4G2553Q8;
				INFOPLIST_FILE = DataStructures/Info.plist;
				LD_RUNPATH_SEARCH_PATHS = "$(inherited) @executable_path/Frameworks";
				PRODUCT_BUNDLE_IDENTIFIER = com.topturn.DataStructures;
				PRODUCT_NAME = "$(TARGET_NAME)";
				SWIFT_VERSION = 4.0;
				TARGETED_DEVICE_FAMILY = "1,2";
			};
			name = Debug;
		};
		B0DA28D31FBD28D0002ACFDA /* Release */ = {
			isa = XCBuildConfiguration;
			buildSettings = {
				ASSETCATALOG_COMPILER_APPICON_NAME = AppIcon;
				CODE_SIGN_STYLE = Automatic;
				DEVELOPMENT_TEAM = PH4G2553Q8;
				INFOPLIST_FILE = DataStructures/Info.plist;
				LD_RUNPATH_SEARCH_PATHS = "$(inherited) @executable_path/Frameworks";
				PRODUCT_BUNDLE_IDENTIFIER = com.topturn.DataStructures;
				PRODUCT_NAME = "$(TARGET_NAME)";
				SWIFT_VERSION = 4.0;
				TARGETED_DEVICE_FAMILY = "1,2";
			};
			name = Release;
		};
		B0DA28D51FBD28D0002ACFDA /* Debug */ = {
			isa = XCBuildConfiguration;
			buildSettings = {
				ALWAYS_EMBED_SWIFT_STANDARD_LIBRARIES = YES;
				BUNDLE_LOADER = "$(TEST_HOST)";
				CODE_SIGN_STYLE = Automatic;
				DEVELOPMENT_TEAM = PH4G2553Q8;
				INFOPLIST_FILE = DataStructuresTests/Info.plist;
				LD_RUNPATH_SEARCH_PATHS = "$(inherited) @executable_path/Frameworks @loader_path/Frameworks";
				PRODUCT_BUNDLE_IDENTIFIER = com.topturn.DataStructuresTests;
				PRODUCT_NAME = "$(TARGET_NAME)";
				SWIFT_VERSION = 4.0;
				TARGETED_DEVICE_FAMILY = "1,2";
				TEST_HOST = "$(BUILT_PRODUCTS_DIR)/DataStructures.app/DataStructures";
			};
			name = Debug;
		};
		B0DA28D61FBD28D0002ACFDA /* Release */ = {
			isa = XCBuildConfiguration;
			buildSettings = {
				ALWAYS_EMBED_SWIFT_STANDARD_LIBRARIES = YES;
				BUNDLE_LOADER = "$(TEST_HOST)";
				CODE_SIGN_STYLE = Automatic;
				DEVELOPMENT_TEAM = PH4G2553Q8;
				INFOPLIST_FILE = DataStructuresTests/Info.plist;
				LD_RUNPATH_SEARCH_PATHS = "$(inherited) @executable_path/Frameworks @loader_path/Frameworks";
				PRODUCT_BUNDLE_IDENTIFIER = com.topturn.DataStructuresTests;
				PRODUCT_NAME = "$(TARGET_NAME)";
				SWIFT_VERSION = 4.0;
				TARGETED_DEVICE_FAMILY = "1,2";
				TEST_HOST = "$(BUILT_PRODUCTS_DIR)/DataStructures.app/DataStructures";
			};
			name = Release;
		};
/* End XCBuildConfiguration section */

/* Begin XCConfigurationList section */
		B0DA28AF1FBD28CF002ACFDA /* Build configuration list for PBXProject "DataStructures" */ = {
			isa = XCConfigurationList;
			buildConfigurations = (
				B0DA28CF1FBD28D0002ACFDA /* Debug */,
				B0DA28D01FBD28D0002ACFDA /* Release */,
			);
			defaultConfigurationIsVisible = 0;
			defaultConfigurationName = Release;
		};
		B0DA28D11FBD28D0002ACFDA /* Build configuration list for PBXNativeTarget "DataStructures" */ = {
			isa = XCConfigurationList;
			buildConfigurations = (
				B0DA28D21FBD28D0002ACFDA /* Debug */,
				B0DA28D31FBD28D0002ACFDA /* Release */,
			);
			defaultConfigurationIsVisible = 0;
			defaultConfigurationName = Release;
		};
		B0DA28D41FBD28D0002ACFDA /* Build configuration list for PBXNativeTarget "DataStructuresTests" */ = {
			isa = XCConfigurationList;
			buildConfigurations = (
				B0DA28D51FBD28D0002ACFDA /* Debug */,
				B0DA28D61FBD28D0002ACFDA /* Release */,
			);
			defaultConfigurationIsVisible = 0;
			defaultConfigurationName = Release;
		};
/* End XCConfigurationList section */
	};
	rootObject = B0DA28AC1FBD28CF002ACFDA /* Project object */;
}
